
Microsoft Visual Studio Solution File, Format Version 12.00
# Visual Studio Version 16
VisualStudioVersion = 16.0.31005.135
MinimumVisualStudioVersion = 10.0.40219.1
Project("{FAE04EC0-301F-11D3-BF4B-00C04F79EFBC}") = "TRB2_InputOutput", "TRB2_InputOutput\TRB2_InputOutput.csproj", "{20BC207A-57DF-4A22-B8DA-DACDC2952467}"
EndProject
Project("{FAE04EC0-301F-11D3-BF4B-00C04F79EFBC}") = "TestEnv", "TestEnv\TestEnv.csproj", "{2DD160D6-306F-4C62-BA14-345B421EF19B}"
EndProject
Global
	GlobalSection(SolutionConfigurationPlatforms) = preSolution
		Debug|Any CPU = Debug|Any CPU
		Release|Any CPU = Release|Any CPU
	EndGlobalSection
	GlobalSection(ProjectConfigurationPlatforms) = postSolution
		{20BC207A-57DF-4A22-B8DA-DACDC2952467}.Debug|Any CPU.ActiveCfg = Debug|Any CPU
		{20BC207A-57DF-4A22-B8DA-DACDC2952467}.Debug|Any CPU.Build.0 = Debug|Any CPU
		{20BC207A-57DF-4A22-B8DA-DACDC2952467}.Release|Any CPU.ActiveCfg = Release|Any CPU
		{20BC207A-57DF-4A22-B8DA-DACDC2952467}.Release|Any CPU.Build.0 = Release|Any CPU
		{2DD160D6-306F-4C62-BA14-345B421EF19B}.Debug|Any CPU.ActiveCfg = Debug|Any CPU
		{2DD160D6-306F-4C62-BA14-345B421EF19B}.Debug|Any CPU.Build.0 = Debug|Any CPU
		{2DD160D6-306F-4C62-BA14-345B421EF19B}.Release|Any CPU.ActiveCfg = Release|Any CPU
		{2DD160D6-306F-4C62-BA14-345B421EF19B}.Release|Any CPU.Build.0 = Release|Any CPU
	EndGlobalSection
	GlobalSection(SolutionProperties) = preSolution
		HideSolutionNode = FALSE
	EndGlobalSection
	GlobalSection(ExtensibilityGlobals) = postSolution
		SolutionGuid = {42F91E79-F941-4B92-8D75-BFA2223C5DB1}
	EndGlobalSection
EndGlobal
